
Microsoft Visual Studio Solution File, Format Version 12.00
# Visual Studio Version 17
VisualStudioVersion = 17.2.32516.85
MinimumVisualStudioVersion = 10.0.40219.1
Project("{FAE04EC0-301F-11D3-BF4B-00C04F79EFBC}") = "life50x50", "life50x50\life50x50.csproj", "{DCE70326-D343-42EF-A441-90CBF6970195}"
EndProject
Global
	GlobalSection(SolutionConfigurationPlatforms) = preSolution
		Debug|Any CPU = Debug|Any CPU
		Release|Any CPU = Release|Any CPU
	EndGlobalSection
	GlobalSection(ProjectConfigurationPlatforms) = postSolution
		{DCE70326-D343-42EF-A441-90CBF6970195}.Debug|Any CPU.ActiveCfg = Debug|Any CPU
		{DCE70326-D343-42EF-A441-90CBF6970195}.Debug|Any CPU.Build.0 = Debug|Any CPU
		{DCE70326-D343-42EF-A441-90CBF6970195}.Release|Any CPU.ActiveCfg = Release|Any CPU
		{DCE70326-D343-42EF-A441-90CBF6970195}.Release|Any CPU.Build.0 = Release|Any CPU
	EndGlobalSection
	GlobalSection(SolutionProperties) = preSolution
		HideSolutionNode = FALSE
	EndGlobalSection
	GlobalSection(ExtensibilityGlobals) = postSolution
		SolutionGuid = {52800E22-D32C-424D-B63A-833C0D95924C}
	EndGlobalSection
EndGlobal
